
Microsoft Visual Studio Solution File, Format Version 12.00
# Visual Studio Version 17
VisualStudioVersion = 17.3.32901.215
MinimumVisualStudioVersion = 10.0.40219.1
Project("{9A19103F-16F7-4668-BE54-9A1E7A4F7556}") = "TestRazorApp", "TestRazorApp\TestRazorApp.csproj", "{57B63F60-5386-4FFE-9AFF-0928E6D5F817}"
EndProject
Project("{9A19103F-16F7-4668-BE54-9A1E7A4F7556}") = "ExcelReader", "ExcelReader\ExcelReader.csproj", "{B215DBB5-7301-4EBD-ADA5-B7422BB01D37}"
EndProject
Global
	GlobalSection(SolutionConfigurationPlatforms) = preSolution
		Debug|Any CPU = Debug|Any CPU
		Release|Any CPU = Release|Any CPU
	EndGlobalSection
	GlobalSection(ProjectConfigurationPlatforms) = postSolution
		{57B63F60-5386-4FFE-9AFF-0928E6D5F817}.Debug|Any CPU.ActiveCfg = Debug|Any CPU
		{57B63F60-5386-4FFE-9AFF-0928E6D5F817}.Debug|Any CPU.Build.0 = Debug|Any CPU
		{57B63F60-5386-4FFE-9AFF-0928E6D5F817}.Release|Any CPU.ActiveCfg = Release|Any CPU
		{57B63F60-5386-4FFE-9AFF-0928E6D5F817}.Release|Any CPU.Build.0 = Release|Any CPU
		{B215DBB5-7301-4EBD-ADA5-B7422BB01D37}.Debug|Any CPU.ActiveCfg = Debug|Any CPU
		{B215DBB5-7301-4EBD-ADA5-B7422BB01D37}.Debug|Any CPU.Build.0 = Debug|Any CPU
		{B215DBB5-7301-4EBD-ADA5-B7422BB01D37}.Release|Any CPU.ActiveCfg = Release|Any CPU
		{B215DBB5-7301-4EBD-ADA5-B7422BB01D37}.Release|Any CPU.Build.0 = Release|Any CPU
	EndGlobalSection
	GlobalSection(SolutionProperties) = preSolution
		HideSolutionNode = FALSE
	EndGlobalSection
	GlobalSection(ExtensibilityGlobals) = postSolution
		SolutionGuid = {1F3234C3-BAF8-4E5A-919F-4663D6E3B949}
	EndGlobalSection
EndGlobal
